{
    "_readme": [
        "This file locks the dependencies of your project to a known state",
        "Read more about it at https://getcomposer.org/doc/01-basic-usage.md#installing-dependencies",
        "This file is @generated automatically"
    ],
    "content-hash": "b039c3375ecd584485a0e5b8924a38f5",
    "packages": [
        {
            "name": "andreskrey/readability.php",
            "version": "v2.0.1",
            "source": {
                "type": "git",
                "url": "https://github.com/andreskrey/readability.php.git",
                "reference": "23f21756562adbd04c172d14995802030bf81595"
            },
            "dist": {
                "type": "zip",
                "url": "https://api.github.com/repos/andreskrey/readability.php/zipball/23f21756562adbd04c172d14995802030bf81595",
                "reference": "23f21756562adbd04c172d14995802030bf81595",
                "shasum": ""
            },
            "require": {
                "ext-dom": "*",
                "ext-mbstring": "*",
                "ext-xml": "*",
                "php": ">=7.0.0",
                "psr/log": "^1.0"
            },
            "require-dev": {
                "monolog/monolog": "^1.24",
                "phpunit/phpunit": "^6.5"
            },
            "suggest": {
                "monolog/monolog": "Allow logging debug information"
            },
            "type": "library",
            "autoload": {
                "psr-4": {
                    "andreskrey\\Readability\\": "src/"
                }
            },
            "notification-url": "https://packagist.org/downloads/",
            "license": [
                "Apache-2.0"
            ],
            "authors": [
                {
                    "name": "Andres Rey",
                    "email": "andreskrey@gmail.com",
                    "role": "Lead Developer"
                }
            ],
            "description": "A PHP port of Readability.js",
            "homepage": "https://github.com/andreskrey/readability",
            "keywords": [
                "html",
                "readability"
            ],
            "time": "2018-11-27T19:33:56+00:00"
        },
        {
            "name": "electrolinux/php-html5lib",
            "version": "0.1.0",
            "source": {
                "type": "git",
                "url": "https://github.com/electrolinux/php-html5lib.git",
                "reference": "9f92154993c7ecb120d9f9c0e558660d32846721"
            },
            "dist": {
                "type": "zip",
                "url": "https://api.github.com/repos/electrolinux/php-html5lib/zipball/9f92154993c7ecb120d9f9c0e558660d32846721",
                "reference": "9f92154993c7ecb120d9f9c0e558660d32846721",
                "shasum": ""
            },
            "require": {
                "php": ">=5.3.2"
            },
            "type": "library",
            "autoload": {
                "psr-0": {
                    "HTML5Lib": "src/",
                    "HTML5Lib\\Tests": "tests/"
                }
            },
            "notification-url": "https://packagist.org/downloads/",
            "license": [
                "MIT"
            ],
            "authors": [
                {
                    "name": "Multiple users",
                    "homepage": "https://code.google.com/p/html5lib/",
                    "role": "Original developers"
                },
                {
                    "name": "Sébastien Lavoie",
                    "homepage": "http://blog.lavoie.sl",
                    "role": "Packager"
                },
                {
                    "name": "didier Belot",
                    "role": "Packager"
                }
            ],
            "description": "A PHP implementations of a HTML parser based on the WHATWG HTML5 specification.",
            "homepage": "https://github.com/electrolinux/php-html5lib",
            "keywords": [
                "HTML5",
                "php"
            ],
            "time": "2013-03-18T18:32:30+00:00"
        },
        {
            "name": "j0k3r/php-readability",
            "version": "1.2.1",
            "source": {
                "type": "git",
                "url": "https://github.com/j0k3r/php-readability.git",
                "reference": "3c0289bf8943cbef6a2cc89b645c33617fd38066"
            },
            "dist": {
                "type": "zip",
                "url": "https://api.github.com/repos/j0k3r/php-readability/zipball/3c0289bf8943cbef6a2cc89b645c33617fd38066",
                "reference": "3c0289bf8943cbef6a2cc89b645c33617fd38066",
                "shasum": ""
            },
            "require": {
                "electrolinux/php-html5lib": "^0.1.0",
                "ext-mbstring": "*",
                "php": ">=5.6.0",
                "psr/log": "^1.0"
            },
            "require-dev": {
                "friendsofphp/php-cs-fixer": "^2.14",
                "monolog/monolog": "^1.24",
                "php-coveralls/php-coveralls": "^2.1",
                "symfony/phpunit-bridge": "^4.2.3"
            },
            "suggest": {
                "ext-tidy": "Used to clean up given HTML and to avoid problems with bad HTML structure."
            },
            "type": "library",
            "autoload": {
                "psr-4": {
                    "Readability\\": "src/"
                }
            },
            "notification-url": "https://packagist.org/downloads/",
            "license": [
                "Apache-2.0"
            ],
            "authors": [
                {
                    "name": "Keyvan Minoukadeh",
                    "email": "keyvan@keyvan.net",
                    "homepage": "http://keyvan.net",
                    "role": "Developer (ported original JS code to PHP)"
                },
                {
                    "name": "Arc90",
                    "homepage": "http://arc90.com",
                    "role": "Developer (original JS version)"
                },
                {
                    "name": "Jeremy Benoist",
                    "email": "jeremy.benoist@gmail.com",
                    "homepage": "http://www.j0k3r.net",
                    "role": "Developer"
                },
                {
                    "name": "DitherSky",
                    "homepage": "https://github.com/Dither",
                    "role": "Developer (https://github.com/Dither/full-text-rss)"
                }
            ],
            "description": "Automatic article extraction from HTML",
            "keywords": [
                "article",
                "article extraction",
                "content",
                "content extraction",
                "extraction",
                "html"
            ],
            "time": "2019-02-07T15:08:33+00:00"
        },
        {
            "name": "monolog/monolog",
            "version": "2.0.0-beta1",
            "source": {
                "type": "git",
                "url": "https://github.com/Seldaek/monolog.git",
                "reference": "0ad73a526f4b5e67312e94fb7f60c1bdefc284b9"
            },
            "dist": {
                "type": "zip",
                "url": "https://api.github.com/repos/Seldaek/monolog/zipball/0ad73a526f4b5e67312e94fb7f60c1bdefc284b9",
                "reference": "0ad73a526f4b5e67312e94fb7f60c1bdefc284b9",
                "shasum": ""
            },
            "require": {
                "php": "^7.1",
                "psr/log": "^1.0.1"
            },
            "provide": {
                "psr/log-implementation": "1.0.0"
            },
            "require-dev": {
                "aws/aws-sdk-php": "^2.4.9 || ^3.0",
                "doctrine/couchdb": "~1.0@dev",
                "elasticsearch/elasticsearch": "^6.0",
                "graylog2/gelf-php": "^1.4.2",
                "jakub-onderka/php-parallel-lint": "^0.9",
                "php-amqplib/php-amqplib": "~2.4",
                "php-console/php-console": "^3.1.3",
                "phpspec/prophecy": "^1.6.1",
                "phpunit/phpunit": "^7.3",
                "predis/predis": "^1.1",
                "rollbar/rollbar": "^1.3",
                "ruflin/elastica": ">=0.90 <3.0",
                "sentry/sentry": "^1.9",
                "swiftmailer/swiftmailer": "^5.3|^6.0"
            },
            "suggest": {
                "aws/aws-sdk-php": "Allow sending log messages to AWS services like DynamoDB",
                "doctrine/couchdb": "Allow sending log messages to a CouchDB server",
                "elasticsearch/elasticsearch": "Allow sending log messages to an Elasticsearch server via official client",
                "ext-amqp": "Allow sending log messages to an AMQP server (1.0+ required)",
                "ext-mongodb": "Allow sending log messages to a MongoDB server (via driver)",
                "graylog2/gelf-php": "Allow sending log messages to a GrayLog2 server",
                "mongodb/mongodb": "Allow sending log messages to a MongoDB server (via library)",
                "php-amqplib/php-amqplib": "Allow sending log messages to an AMQP server using php-amqplib",
                "php-console/php-console": "Allow sending log messages to Google Chrome",
                "rollbar/rollbar": "Allow sending log messages to Rollbar",
                "ruflin/elastica": "Allow sending log messages to an Elastic Search server",
                "sentry/sentry": "Allow sending log messages to a Sentry server"
            },
            "type": "library",
            "extra": {
                "branch-alias": {
                    "dev-master": "2.x-dev"
                }
            },
            "autoload": {
                "psr-4": {
                    "Monolog\\": "src/Monolog"
                }
            },
            "notification-url": "https://packagist.org/downloads/",
            "license": [
                "MIT"
            ],
            "authors": [
                {
                    "name": "Jordi Boggiano",
                    "email": "j.boggiano@seld.be",
                    "homepage": "http://seld.be"
                }
            ],
            "description": "Sends your logs to files, sockets, inboxes, databases and various web services",
            "homepage": "http://github.com/Seldaek/monolog",
            "keywords": [
                "log",
                "logging",
                "psr-3"
            ],
            "time": "2018-12-08T17:16:32+00:00"
        },
        {
            "name": "psr/log",
            "version": "1.1.0",
            "source": {
                "type": "git",
                "url": "https://github.com/php-fig/log.git",
                "reference": "6c001f1daafa3a3ac1d8ff69ee4db8e799a654dd"
            },
            "dist": {
                "type": "zip",
                "url": "https://api.github.com/repos/php-fig/log/zipball/6c001f1daafa3a3ac1d8ff69ee4db8e799a654dd",
                "reference": "6c001f1daafa3a3ac1d8ff69ee4db8e799a654dd",
                "shasum": ""
            },
            "require": {
                "php": ">=5.3.0"
            },
            "type": "library",
            "extra": {
                "branch-alias": {
                    "dev-master": "1.0.x-dev"
                }
            },
            "autoload": {
                "psr-4": {
                    "Psr\\Log\\": "Psr/Log/"
                }
            },
            "notification-url": "https://packagist.org/downloads/",
            "license": [
                "MIT"
            ],
            "authors": [
                {
                    "name": "PHP-FIG",
                    "homepage": "http://www.php-fig.org/"
                }
            ],
            "description": "Common interface for logging libraries",
            "homepage": "https://github.com/php-fig/log",
            "keywords": [
                "log",
                "psr",
                "psr-3"
            ],
            "time": "2018-11-20T15:27:04+00:00"
        }
    ],
    "packages-dev": [],
    "aliases": [],
    "minimum-stability": "stable",
    "stability-flags": {
        "monolog/monolog": 10
    },
    "prefer-stable": false,
    "prefer-lowest": false,
    "platform": {
        "php": "^7.0",
        "ext-curl": "*",
        "ext-sqlite3": "*",
        "ext-libxml": "*"
    },
    "platform-dev": []
}
